// !$*UTF8*$!
{
	archiveVersion = 1;
	classes = {
	};
	objectVersion = 46;
	objects = {

/* Begin PBXBuildFile section */
		041364281DD403C800E215C5 /* main.m in Sources */ = {isa = PBXBuildFile; fileRef = 041364271DD403C800E215C5 /* main.m */; };
		0413642B1DD403C800E215C5 /* AppDelegate.m in Sources */ = {isa = PBXBuildFile; fileRef = 0413642A1DD403C800E215C5 /* AppDelegate.m */; };
		0413642E1DD403C800E215C5 /* ViewController.m in Sources */ = {isa = PBXBuildFile; fileRef = 0413642D1DD403C800E215C5 /* ViewController.m */; };
		041364311DD403C800E215C5 /* Main.storyboard in Resources */ = {isa = PBXBuildFile; fileRef = 0413642F1DD403C800E215C5 /* Main.storyboard */; };
		041364331DD403C800E215C5 /* Assets.xcassets in Resources */ = {isa = PBXBuildFile; fileRef = 041364321DD403C800E215C5 /* Assets.xcassets */; };
		041364361DD403C800E215C5 /* LaunchScreen.storyboard in Resources */ = {isa = PBXBuildFile; fileRef = 041364341DD403C800E215C5 /* LaunchScreen.storyboard */; };
		041364551DD4061400E215C5 /* AFHTTPSessionManager.m in Sources */ = {isa = PBXBuildFile; fileRef = 041364401DD4061400E215C5 /* AFHTTPSessionManager.m */; };
		041364561DD4061400E215C5 /* AFNetworkReachabilityManager.m in Sources */ = {isa = PBXBuildFile; fileRef = 041364431DD4061400E215C5 /* AFNetworkReachabilityManager.m */; };
		041364571DD4061400E215C5 /* AFSecurityPolicy.m in Sources */ = {isa = PBXBuildFile; fileRef = 041364451DD4061400E215C5 /* AFSecurityPolicy.m */; };
		041364581DD4061400E215C5 /* AFURLRequestSerialization.m in Sources */ = {isa = PBXBuildFile; fileRef = 041364471DD4061400E215C5 /* AFURLRequestSerialization.m */; };
		041364591DD4061400E215C5 /* AFURLResponseSerialization.m in Sources */ = {isa = PBXBuildFile; fileRef = 041364491DD4061400E215C5 /* AFURLResponseSerialization.m */; };
		0413645A1DD4061400E215C5 /* AFURLSessionManager.m in Sources */ = {isa = PBXBuildFile; fileRef = 0413644B1DD4061400E215C5 /* AFURLSessionManager.m */; };
		0413645B1DD4061400E215C5 /* YYCache.m in Sources */ = {isa = PBXBuildFile; fileRef = 0413644E1DD4061400E215C5 /* YYCache.m */; };
		0413645C1DD4061400E215C5 /* YYDiskCache.m in Sources */ = {isa = PBXBuildFile; fileRef = 041364501DD4061400E215C5 /* YYDiskCache.m */; };
		0413645D1DD4061400E215C5 /* YYKVStorage.m in Sources */ = {isa = PBXBuildFile; fileRef = 041364521DD4061400E215C5 /* YYKVStorage.m */; };
		0413645E1DD4061400E215C5 /* YYMemoryCache.m in Sources */ = {isa = PBXBuildFile; fileRef = 041364541DD4061400E215C5 /* YYMemoryCache.m */; };
		041364611DD4065400E215C5 /* HCNetwork.m in Sources */ = {isa = PBXBuildFile; fileRef = 041364601DD4065400E215C5 /* HCNetwork.m */; };
		041364771DD4078000E215C5 /* AFAutoPurgingImageCache.m in Sources */ = {isa = PBXBuildFile; fileRef = 041364641DD4078000E215C5 /* AFAutoPurgingImageCache.m */; };
		041364781DD4078000E215C5 /* AFImageDownloader.m in Sources */ = {isa = PBXBuildFile; fileRef = 041364661DD4078000E215C5 /* AFImageDownloader.m */; };
		041364791DD4078000E215C5 /* AFNetworkActivityIndicatorManager.m in Sources */ = {isa = PBXBuildFile; fileRef = 041364681DD4078000E215C5 /* AFNetworkActivityIndicatorManager.m */; };
		0413647A1DD4078000E215C5 /* UIActivityIndicatorView+AFNetworking.m in Sources */ = {isa = PBXBuildFile; fileRef = 0413646A1DD4078000E215C5 /* UIActivityIndicatorView+AFNetworking.m */; };
		0413647B1DD4078000E215C5 /* UIButton+AFNetworking.m in Sources */ = {isa = PBXBuildFile; fileRef = 0413646C1DD4078000E215C5 /* UIButton+AFNetworking.m */; };
		0413647C1DD4078000E215C5 /* UIImageView+AFNetworking.m in Sources */ = {isa = PBXBuildFile; fileRef = 0413646F1DD4078000E215C5 /* UIImageView+AFNetworking.m */; };
		0413647D1DD4078000E215C5 /* UIProgressView+AFNetworking.m in Sources */ = {isa = PBXBuildFile; fileRef = 041364721DD4078000E215C5 /* UIProgressView+AFNetworking.m */; };
		0413647E1DD4078000E215C5 /* UIRefreshControl+AFNetworking.m in Sources */ = {isa = PBXBuildFile; fileRef = 041364741DD4078000E215C5 /* UIRefreshControl+AFNetworking.m */; };
		0413647F1DD4078000E215C5 /* UIWebView+AFNetworking.m in Sources */ = {isa = PBXBuildFile; fileRef = 041364761DD4078000E215C5 /* UIWebView+AFNetworking.m */; };
		041364821DD40EF200E215C5 /* libsqlite3.tbd in Frameworks */ = {isa = PBXBuildFile; fileRef = 041364811DD40EF200E215C5 /* libsqlite3.tbd */; };
		041364851DD4135D00E215C5 /* HCNetworkCache.m in Sources */ = {isa = PBXBuildFile; fileRef = 041364841DD4135D00E215C5 /* HCNetworkCache.m */; };
/* End PBXBuildFile section */

/* Begin PBXFileReference section */
		041364231DD403C800E215C5 /* 缓存机制.app */ = {isa = PBXFileReference; explicitFileType = wrapper.application; includeInIndex = 0; path = "缓存机制.app"; sourceTree = BUILT_PRODUCTS_DIR; };
		041364271DD403C800E215C5 /* main.m */ = {isa = PBXFileReference; lastKnownFileType = sourcecode.c.objc; path = main.m; sourceTree = "<group>"; };
		041364291DD403C800E215C5 /* AppDelegate.h */ = {isa = PBXFileReference; lastKnownFileType = sourcecode.c.h; path = AppDelegate.h; sourceTree = "<group>"; };
		0413642A1DD403C800E215C5 /* AppDelegate.m */ = {isa = PBXFileReference; lastKnownFileType = sourcecode.c.objc; path = AppDelegate.m; sourceTree = "<group>"; };
		0413642C1DD403C800E215C5 /* ViewController.h */ = {isa = PBXFileReference; lastKnownFileType = sourcecode.c.h; path = ViewController.h; sourceTree = "<group>"; };
		0413642D1DD403C800E215C5 /* ViewController.m */ = {isa = PBXFileReference; lastKnownFileType = sourcecode.c.objc; path = ViewController.m; sourceTree = "<group>"; };
		041364301DD403C800E215C5 /* Base */ = {isa = PBXFileReference; lastKnownFileType = file.storyboard; name = Base; path = Base.lproj/Main.storyboard; sourceTree = "<group>"; };
		041364321DD403C800E215C5 /* Assets.xcassets */ = {isa = PBXFileReference; lastKnownFileType = folder.assetcatalog; path = Assets.xcassets; sourceTree = "<group>"; };
		041364351DD403C800E215C5 /* Base */ = {isa = PBXFileReference; lastKnownFileType = file.storyboard; name = Base; path = Base.lproj/LaunchScreen.storyboard; sourceTree = "<group>"; };
		041364371DD403C800E215C5 /* Info.plist */ = {isa = PBXFileReference; lastKnownFileType = text.plist.xml; path = Info.plist; sourceTree = "<group>"; };
		0413643F1DD4061400E215C5 /* AFHTTPSessionManager.h */ = {isa = PBXFileReference; fileEncoding = 4; lastKnownFileType = sourcecode.c.h; path = AFHTTPSessionManager.h; sourceTree = "<group>"; };
		041364401DD4061400E215C5 /* AFHTTPSessionManager.m */ = {isa = PBXFileReference; fileEncoding = 4; lastKnownFileType = sourcecode.c.objc; path = AFHTTPSessionManager.m; sourceTree = "<group>"; };
		041364411DD4061400E215C5 /* AFNetworking.h */ = {isa = PBXFileReference; fileEncoding = 4; lastKnownFileType = sourcecode.c.h; path = AFNetworking.h; sourceTree = "<group>"; };
		041364421DD4061400E215C5 /* AFNetworkReachabilityManager.h */ = {isa = PBXFileReference; fileEncoding = 4; lastKnownFileType = sourcecode.c.h; path = AFNetworkReachabilityManager.h; sourceTree = "<group>"; };
		041364431DD4061400E215C5 /* AFNetworkReachabilityManager.m */ = {isa = PBXFileReference; fileEncoding = 4; lastKnownFileType = sourcecode.c.objc; path = AFNetworkReachabilityManager.m; sourceTree = "<group>"; };
		041364441DD4061400E215C5 /* AFSecurityPolicy.h */ = {isa = PBXFileReference; fileEncoding = 4; lastKnownFileType = sourcecode.c.h; path = AFSecurityPolicy.h; sourceTree = "<group>"; };
		041364451DD4061400E215C5 /* AFSecurityPolicy.m */ = {isa = PBXFileReference; fileEncoding = 4; lastKnownFileType = sourcecode.c.objc; path = AFSecurityPolicy.m; sourceTree = "<group>"; };
		041364461DD4061400E215C5 /* AFURLRequestSerialization.h */ = {isa = PBXFileReference; fileEncoding = 4; lastKnownFileType = sourcecode.c.h; path = AFURLRequestSerialization.h; sourceTree = "<group>"; };
		041364471DD4061400E215C5 /* AFURLRequestSerialization.m */ = {isa = PBXFileReference; fileEncoding = 4; lastKnownFileType = sourcecode.c.objc; path = AFURLRequestSerialization.m; sourceTree = "<group>"; };
		041364481DD4061400E215C5 /* AFURLResponseSerialization.h */ = {isa = PBXFileReference; fileEncoding = 4; lastKnownFileType = sourcecode.c.h; path = AFURLResponseSerialization.h; sourceTree = "<group>"; };
		041364491DD4061400E215C5 /* AFURLResponseSerialization.m */ = {isa = PBXFileReference; fileEncoding = 4; lastKnownFileType = sourcecode.c.objc; path = AFURLResponseSerialization.m; sourceTree = "<group>"; };
		0413644A1DD4061400E215C5 /* AFURLSessionManager.h */ = {isa = PBXFileReference; fileEncoding = 4; lastKnownFileType = sourcecode.c.h; path = AFURLSessionManager.h; sourceTree = "<group>"; };
		0413644B1DD4061400E215C5 /* AFURLSessionManager.m */ = {isa = PBXFileReference; fileEncoding = 4; lastKnownFileType = sourcecode.c.objc; path = AFURLSessionManager.m; sourceTree = "<group>"; };
		0413644D1DD4061400E215C5 /* YYCache.h */ = {isa = PBXFileReference; fileEncoding = 4; lastKnownFileType = sourcecode.c.h; path = YYCache.h; sourceTree = "<group>"; };
		0413644E1DD4061400E215C5 /* YYCache.m */ = {isa = PBXFileReference; fileEncoding = 4; lastKnownFileType = sourcecode.c.objc; path = YYCache.m; sourceTree = "<group>"; };
		0413644F1DD4061400E215C5 /* YYDiskCache.h */ = {isa = PBXFileReference; fileEncoding = 4; lastKnownFileType = sourcecode.c.h; path = YYDiskCache.h; sourceTree = "<group>"; };
		041364501DD4061400E215C5 /* YYDiskCache.m */ = {isa = PBXFileReference; fileEncoding = 4; lastKnownFileType = sourcecode.c.objc; path = YYDiskCache.m; sourceTree = "<group>"; };
		041364511DD4061400E215C5 /* YYKVStorage.h */ = {isa = PBXFileReference; fileEncoding = 4; lastKnownFileType = sourcecode.c.h; path = YYKVStorage.h; sourceTree = "<group>"; };
		041364521DD4061400E215C5 /* YYKVStorage.m */ = {isa = PBXFileReference; fileEncoding = 4; lastKnownFileType = sourcecode.c.objc; path = YYKVStorage.m; sourceTree = "<group>"; };
		041364531DD4061400E215C5 /* YYMemoryCache.h */ = {isa = PBXFileReference; fileEncoding = 4; lastKnownFileType = sourcecode.c.h; path = YYMemoryCache.h; sourceTree = "<group>"; };
		041364541DD4061400E215C5 /* YYMemoryCache.m */ = {isa = PBXFileReference; fileEncoding = 4; lastKnownFileType = sourcecode.c.objc; path = YYMemoryCache.m; sourceTree = "<group>"; };
		0413645F1DD4065400E215C5 /* HCNetwork.h */ = {isa = PBXFileReference; fileEncoding = 4; lastKnownFileType = sourcecode.c.h; path = HCNetwork.h; sourceTree = "<group>"; };
		041364601DD4065400E215C5 /* HCNetwork.m */ = {isa = PBXFileReference; fileEncoding = 4; lastKnownFileType = sourcecode.c.objc; path = HCNetwork.m; sourceTree = "<group>"; };
		041364631DD4078000E215C5 /* AFAutoPurgingImageCache.h */ = {isa = PBXFileReference; fileEncoding = 4; lastKnownFileType = sourcecode.c.h; path = AFAutoPurgingImageCache.h; sourceTree = "<group>"; };
		041364641DD4078000E215C5 /* AFAutoPurgingImageCache.m */ = {isa = PBXFileReference; fileEncoding = 4; lastKnownFileType = sourcecode.c.objc; path = AFAutoPurgingImageCache.m; sourceTree = "<group>"; };
		041364651DD4078000E215C5 /* AFImageDownloader.h */ = {isa = PBXFileReference; fileEncoding = 4; lastKnownFileType = sourcecode.c.h; path = AFImageDownloader.h; sourceTree = "<group>"; };
		041364661DD4078000E215C5 /* AFImageDownloader.m */ = {isa = PBXFileReference; fileEncoding = 4; lastKnownFileType = sourcecode.c.objc; path = AFImageDownloader.m; sourceTree = "<group>"; };
		041364671DD4078000E215C5 /* AFNetworkActivityIndicatorManager.h */ = {isa = PBXFileReference; fileEncoding = 4; lastKnownFileType = sourcecode.c.h; path = AFNetworkActivityIndicatorManager.h; sourceTree = "<group>"; };
		041364681DD4078000E215C5 /* AFNetworkActivityIndicatorManager.m */ = {isa = PBXFileReference; fileEncoding = 4; lastKnownFileType = sourcecode.c.objc; path = AFNetworkActivityIndicatorManager.m; sourceTree = "<group>"; };
		041364691DD4078000E215C5 /* UIActivityIndicatorView+AFNetworking.h */ = {isa = PBXFileReference; fileEncoding = 4; lastKnownFileType = sourcecode.c.h; path = "UIActivityIndicatorView+AFNetworking.h"; sourceTree = "<group>"; };
		0413646A1DD4078000E215C5 /* UIActivityIndicatorView+AFNetworking.m */ = {isa = PBXFileReference; fileEncoding = 4; lastKnownFileType = sourcecode.c.objc; path = "UIActivityIndicatorView+AFNetworking.m"; sourceTree = "<group>"; };
		0413646B1DD4078000E215C5 /* UIButton+AFNetworking.h */ = {isa = PBXFileReference; fileEncoding = 4; lastKnownFileType = sourcecode.c.h; path = "UIButton+AFNetworking.h"; sourceTree = "<group>"; };
		0413646C1DD4078000E215C5 /* UIButton+AFNetworking.m */ = {isa = PBXFileReference; fileEncoding = 4; lastKnownFileType = sourcecode.c.objc; path = "UIButton+AFNetworking.m"; sourceTree = "<group>"; };
		0413646D1DD4078000E215C5 /* UIImage+AFNetworking.h */ = {isa = PBXFileReference; fileEncoding = 4; lastKnownFileType = sourcecode.c.h; path = "UIImage+AFNetworking.h"; sourceTree = "<group>"; };
		0413646E1DD4078000E215C5 /* UIImageView+AFNetworking.h */ = {isa = PBXFileReference; fileEncoding = 4; lastKnownFileType = sourcecode.c.h; path = "UIImageView+AFNetworking.h"; sourceTree = "<group>"; };
		0413646F1DD4078000E215C5 /* UIImageView+AFNetworking.m */ = {isa = PBXFileReference; fileEncoding = 4; lastKnownFileType = sourcecode.c.objc; path = "UIImageView+AFNetworking.m"; sourceTree = "<group>"; };
		041364701DD4078000E215C5 /* UIKit+AFNetworking.h */ = {isa = PBXFileReference; fileEncoding = 4; lastKnownFileType = sourcecode.c.h; path = "UIKit+AFNetworking.h"; sourceTree = "<group>"; };
		041364711DD4078000E215C5 /* UIProgressView+AFNetworking.h */ = {isa = PBXFileReference; fileEncoding = 4; lastKnownFileType = sourcecode.c.h; path = "UIProgressView+AFNetworking.h"; sourceTree = "<group>"; };
		041364721DD4078000E215C5 /* UIProgressView+AFNetworking.m */ = {isa = PBXFileReference; fileEncoding = 4; lastKnownFileType = sourcecode.c.objc; path = "UIProgressView+AFNetworking.m"; sourceTree = "<group>"; };
		041364731DD4078000E215C5 /* UIRefreshControl+AFNetworking.h */ = {isa = PBXFileReference; fileEncoding = 4; lastKnownFileType = sourcecode.c.h; path = "UIRefreshControl+AFNetworking.h"; sourceTree = "<group>"; };
		041364741DD4078000E215C5 /* UIRefreshControl+AFNetworking.m */ = {isa = PBXFileReference; fileEncoding = 4; lastKnownFileType = sourcecode.c.objc; path = "UIRefreshControl+AFNetworking.m"; sourceTree = "<group>"; };
		041364751DD4078000E215C5 /* UIWebView+AFNetworking.h */ = {isa = PBXFileReference; fileEncoding = 4; lastKnownFileType = sourcecode.c.h; path = "UIWebView+AFNetworking.h"; sourceTree = "<group>"; };
		041364761DD4078000E215C5 /* UIWebView+AFNetworking.m */ = {isa = PBXFileReference; fileEncoding = 4; lastKnownFileType = sourcecode.c.objc; path = "UIWebView+AFNetworking.m"; sourceTree = "<group>"; };
		041364811DD40EF200E215C5 /* libsqlite3.tbd */ = {isa = PBXFileReference; lastKnownFileType = "sourcecode.text-based-dylib-definition"; name = libsqlite3.tbd; path = usr/lib/libsqlite3.tbd; sourceTree = SDKROOT; };
		041364831DD4135D00E215C5 /* HCNetworkCache.h */ = {isa = PBXFileReference; fileEncoding = 4; lastKnownFileType = sourcecode.c.h; path = HCNetworkCache.h; sourceTree = "<group>"; };
		041364841DD4135D00E215C5 /* HCNetworkCache.m */ = {isa = PBXFileReference; fileEncoding = 4; lastKnownFileType = sourcecode.c.objc; path = HCNetworkCache.m; sourceTree = "<group>"; };
/* End PBXFileReference section */

/* Begin PBXFrameworksBuildPhase section */
		041364201DD403C800E215C5 /* Frameworks */ = {
			isa = PBXFrameworksBuildPhase;
			buildActionMask = 2147483647;
			files = (
				041364821DD40EF200E215C5 /* libsqlite3.tbd in Frameworks */,
			);
			runOnlyForDeploymentPostprocessing = 0;
		};
/* End PBXFrameworksBuildPhase section */

/* Begin PBXGroup section */
		0413641A1DD403C700E215C5 = {
			isa = PBXGroup;
			children = (
				041364251DD403C800E215C5 /* 缓存机制 */,
				041364241DD403C800E215C5 /* Products */,
				041364801DD40EF200E215C5 /* Frameworks */,
			);
			sourceTree = "<group>";
		};
		041364241DD403C800E215C5 /* Products */ = {
			isa = PBXGroup;
			children = (
				041364231DD403C800E215C5 /* 缓存机制.app */,
			);
			name = Products;
			sourceTree = "<group>";
		};
		041364251DD403C800E215C5 /* 缓存机制 */ = {
			isa = PBXGroup;
			children = (
				0413643D1DD4061400E215C5 /* 网络工具 */,
				041364291DD403C800E215C5 /* AppDelegate.h */,
				0413642A1DD403C800E215C5 /* AppDelegate.m */,
				0413642C1DD403C800E215C5 /* ViewController.h */,
				0413642D1DD403C800E215C5 /* ViewController.m */,
				0413642F1DD403C800E215C5 /* Main.storyboard */,
				041364321DD403C800E215C5 /* Assets.xcassets */,
				041364341DD403C800E215C5 /* LaunchScreen.storyboard */,
				041364371DD403C800E215C5 /* Info.plist */,
				041364261DD403C800E215C5 /* Supporting Files */,
			);
			path = "缓存机制";
			sourceTree = "<group>";
		};
		041364261DD403C800E215C5 /* Supporting Files */ = {
			isa = PBXGroup;
			children = (
				041364271DD403C800E215C5 /* main.m */,
			);
			name = "Supporting Files";
			sourceTree = "<group>";
		};
		0413643D1DD4061400E215C5 /* 网络工具 */ = {
			isa = PBXGroup;
			children = (
				0413643E1DD4061400E215C5 /* AFNetworking */,
				0413644C1DD4061400E215C5 /* YYCache */,
				0413645F1DD4065400E215C5 /* HCNetwork.h */,
				041364601DD4065400E215C5 /* HCNetwork.m */,
				041364831DD4135D00E215C5 /* HCNetworkCache.h */,
				041364841DD4135D00E215C5 /* HCNetworkCache.m */,
			);
			path = "网络工具";
			sourceTree = "<group>";
		};
		0413643E1DD4061400E215C5 /* AFNetworking */ = {
			isa = PBXGroup;
			children = (
				041364621DD4078000E215C5 /* UIKit+AFNetworking */,
				0413643F1DD4061400E215C5 /* AFHTTPSessionManager.h */,
				041364401DD4061400E215C5 /* AFHTTPSessionManager.m */,
				041364411DD4061400E215C5 /* AFNetworking.h */,
				041364421DD4061400E215C5 /* AFNetworkReachabilityManager.h */,
				041364431DD4061400E215C5 /* AFNetworkReachabilityManager.m */,
				041364441DD4061400E215C5 /* AFSecurityPolicy.h */,
				041364451DD4061400E215C5 /* AFSecurityPolicy.m */,
				041364461DD4061400E215C5 /* AFURLRequestSerialization.h */,
				041364471DD4061400E215C5 /* AFURLRequestSerialization.m */,
				041364481DD4061400E215C5 /* AFURLResponseSerialization.h */,
				041364491DD4061400E215C5 /* AFURLResponseSerialization.m */,
				0413644A1DD4061400E215C5 /* AFURLSessionManager.h */,
				0413644B1DD4061400E215C5 /* AFURLSessionManager.m */,
			);
			path = AFNetworking;
			sourceTree = "<group>";
		};
		0413644C1DD4061400E215C5 /* YYCache */ = {
			isa = PBXGroup;
			children = (
				0413644D1DD4061400E215C5 /* YYCache.h */,
				0413644E1DD4061400E215C5 /* YYCache.m */,
				0413644F1DD4061400E215C5 /* YYDiskCache.h */,
				041364501DD4061400E215C5 /* YYDiskCache.m */,
				041364511DD4061400E215C5 /* YYKVStorage.h */,
				041364521DD4061400E215C5 /* YYKVStorage.m */,
				041364531DD4061400E215C5 /* YYMemoryCache.h */,
				041364541DD4061400E215C5 /* YYMemoryCache.m */,
			);
			path = YYCache;
			sourceTree = "<group>";
		};
		041364621DD4078000E215C5 /* UIKit+AFNetworking */ = {
			isa = PBXGroup;
			children = (
				041364631DD4078000E215C5 /* AFAutoPurgingImageCache.h */,
				041364641DD4078000E215C5 /* AFAutoPurgingImageCache.m */,
				041364651DD4078000E215C5 /* AFImageDownloader.h */,
				041364661DD4078000E215C5 /* AFImageDownloader.m */,
				041364671DD4078000E215C5 /* AFNetworkActivityIndicatorManager.h */,
				041364681DD4078000E215C5 /* AFNetworkActivityIndicatorManager.m */,
				041364691DD4078000E215C5 /* UIActivityIndicatorView+AFNetworking.h */,
				0413646A1DD4078000E215C5 /* UIActivityIndicatorView+AFNetworking.m */,
				0413646B1DD4078000E215C5 /* UIButton+AFNetworking.h */,
				0413646C1DD4078000E215C5 /* UIButton+AFNetworking.m */,
				0413646D1DD4078000E215C5 /* UIImage+AFNetworking.h */,
				0413646E1DD4078000E215C5 /* UIImageView+AFNetworking.h */,
				0413646F1DD4078000E215C5 /* UIImageView+AFNetworking.m */,
				041364701DD4078000E215C5 /* UIKit+AFNetworking.h */,
				041364711DD4078000E215C5 /* UIProgressView+AFNetworking.h */,
				041364721DD4078000E215C5 /* UIProgressView+AFNetworking.m */,
				041364731DD4078000E215C5 /* UIRefreshControl+AFNetworking.h */,
				041364741DD4078000E215C5 /* UIRefreshControl+AFNetworking.m */,
				041364751DD4078000E215C5 /* UIWebView+AFNetworking.h */,
				041364761DD4078000E215C5 /* UIWebView+AFNetworking.m */,
			);
			path = "UIKit+AFNetworking";
			sourceTree = "<group>";
		};
		041364801DD40EF200E215C5 /* Frameworks */ = {
			isa = PBXGroup;
			children = (
				041364811DD40EF200E215C5 /* libsqlite3.tbd */,
			);
			name = Frameworks;
			sourceTree = "<group>";
		};
/* End PBXGroup section */

/* Begin PBXNativeTarget section */
		041364221DD403C800E215C5 /* 缓存机制 */ = {
			isa = PBXNativeTarget;
			buildConfigurationList = 0413643A1DD403C800E215C5 /* Build configuration list for PBXNativeTarget "缓存机制" */;
			buildPhases = (
				0413641F1DD403C800E215C5 /* Sources */,
				041364201DD403C800E215C5 /* Frameworks */,
				041364211DD403C800E215C5 /* Resources */,
			);
			buildRules = (
			);
			dependencies = (
			);
			name = "缓存机制";
			productName = "缓存机制";
			productReference = 041364231DD403C800E215C5 /* 缓存机制.app */;
			productType = "com.apple.product-type.application";
		};
/* End PBXNativeTarget section */

/* Begin PBXProject section */
		0413641B1DD403C800E215C5 /* Project object */ = {
			isa = PBXProject;
			attributes = {
				LastUpgradeCheck = 0800;
				ORGANIZATIONNAME = Zhu;
				TargetAttributes = {
					041364221DD403C800E215C5 = {
						CreatedOnToolsVersion = 8.0;
						DevelopmentTeam = 277KSTGEL7;
						ProvisioningStyle = Automatic;
					};
				};
			};
			buildConfigurationList = 0413641E1DD403C800E215C5 /* Build configuration list for PBXProject "缓存机制" */;
			compatibilityVersion = "Xcode 3.2";
			developmentRegion = English;
			hasScannedForEncodings = 0;
			knownRegions = (
				en,
				Base,
			);
			mainGroup = 0413641A1DD403C700E215C5;
			productRefGroup = 041364241DD403C800E215C5 /* Products */;
			projectDirPath = "";
			projectRoot = "";
			targets = (
				041364221DD403C800E215C5 /* 缓存机制 */,
			);
		};
/* End PBXProject section */

/* Begin PBXResourcesBuildPhase section */
		041364211DD403C800E215C5 /* Resources */ = {
			isa = PBXResourcesBuildPhase;
			buildActionMask = 2147483647;
			files = (
				041364361DD403C800E215C5 /* LaunchScreen.storyboard in Resources */,
				041364331DD403C800E215C5 /* Assets.xcassets in Resources */,
				041364311DD403C800E215C5 /* Main.storyboard in Resources */,
			);
			runOnlyForDeploymentPostprocessing = 0;
		};
/* End PBXResourcesBuildPhase section */

/* Begin PBXSourcesBuildPhase section */
		0413641F1DD403C800E215C5 /* Sources */ = {
			isa = PBXSourcesBuildPhase;
			buildActionMask = 2147483647;
			files = (
				041364771DD4078000E215C5 /* AFAutoPurgingImageCache.m in Sources */,
				0413645D1DD4061400E215C5 /* YYKVStorage.m in Sources */,
				0413645A1DD4061400E215C5 /* AFURLSessionManager.m in Sources */,
				0413645C1DD4061400E215C5 /* YYDiskCache.m in Sources */,
				041364851DD4135D00E215C5 /* HCNetworkCache.m in Sources */,
				041364611DD4065400E215C5 /* HCNetwork.m in Sources */,
				0413645E1DD4061400E215C5 /* YYMemoryCache.m in Sources */,
				0413647A1DD4078000E215C5 /* UIActivityIndicatorView+AFNetworking.m in Sources */,
				0413647D1DD4078000E215C5 /* UIProgressView+AFNetworking.m in Sources */,
				0413642E1DD403C800E215C5 /* ViewController.m in Sources */,
				041364791DD4078000E215C5 /* AFNetworkActivityIndicatorManager.m in Sources */,
				041364781DD4078000E215C5 /* AFImageDownloader.m in Sources */,
				0413647B1DD4078000E215C5 /* UIButton+AFNetworking.m in Sources */,
				0413647C1DD4078000E215C5 /* UIImageView+AFNetworking.m in Sources */,
				0413642B1DD403C800E215C5 /* AppDelegate.m in Sources */,
				041364561DD4061400E215C5 /* AFNetworkReachabilityManager.m in Sources */,
				0413645B1DD4061400E215C5 /* YYCache.m in Sources */,
				0413647F1DD4078000E215C5 /* UIWebView+AFNetworking.m in Sources */,
				041364281DD403C800E215C5 /* main.m in Sources */,
				041364571DD4061400E215C5 /* AFSecurityPolicy.m in Sources */,
				0413647E1DD4078000E215C5 /* UIRefreshControl+AFNetworking.m in Sources */,
				041364581DD4061400E215C5 /* AFURLRequestSerialization.m in Sources */,
				041364591DD4061400E215C5 /* AFURLResponseSerialization.m in Sources */,
				041364551DD4061400E215C5 /* AFHTTPSessionManager.m in Sources */,
			);
			runOnlyForDeploymentPostprocessing = 0;
		};
/* End PBXSourcesBuildPhase section */

/* Begin PBXVariantGroup section */
		0413642F1DD403C800E215C5 /* Main.storyboard */ = {
			isa = PBXVariantGroup;
			children = (
				041364301DD403C800E215C5 /* Base */,
			);
			name = Main.storyboard;
			sourceTree = "<group>";
		};
		041364341DD403C800E215C5 /* LaunchScreen.storyboard */ = {
			isa = PBXVariantGroup;
			children = (
				041364351DD403C800E215C5 /* Base */,
			);
			name = LaunchScreen.storyboard;
			sourceTree = "<group>";
		};
/* End PBXVariantGroup section */

/* Begin XCBuildConfiguration section */
		041364381DD403C800E215C5 /* Debug */ = {
			isa = XCBuildConfiguration;
			buildSettings = {
				ALWAYS_SEARCH_USER_PATHS = NO;
				CLANG_ANALYZER_NONNULL = YES;
				CLANG_CXX_LANGUAGE_STANDARD = "gnu++0x";
				CLANG_CXX_LIBRARY = "libc++";
				CLANG_ENABLE_MODULES = YES;
				CLANG_ENABLE_OBJC_ARC = YES;
				CLANG_WARN_BOOL_CONVERSION = YES;
				CLANG_WARN_CONSTANT_CONVERSION = YES;
				CLANG_WARN_DIRECT_OBJC_ISA_USAGE = YES_ERROR;
				CLANG_WARN_DOCUMENTATION_COMMENTS = YES;
				CLANG_WARN_EMPTY_BODY = YES;
				CLANG_WARN_ENUM_CONVERSION = YES;
				CLANG_WARN_INFINITE_RECURSION = YES;
				CLANG_WARN_INT_CONVERSION = YES;
				CLANG_WARN_OBJC_ROOT_CLASS = YES_ERROR;
				CLANG_WARN_SUSPICIOUS_MOVES = YES;
				CLANG_WARN_UNREACHABLE_CODE = YES;
				CLANG_WARN__DUPLICATE_METHOD_MATCH = YES;
				"CODE_SIGN_IDENTITY[sdk=iphoneos*]" = "iPhone Developer";
				COPY_PHASE_STRIP = NO;
				DEBUG_INFORMATION_FORMAT = dwarf;
				ENABLE_STRICT_OBJC_MSGSEND = YES;
				ENABLE_TESTABILITY = YES;
				GCC_C_LANGUAGE_STANDARD = gnu99;
				GCC_DYNAMIC_NO_PIC = NO;
				GCC_NO_COMMON_BLOCKS = YES;
				GCC_OPTIMIZATION_LEVEL = 0;
				GCC_PREPROCESSOR_DEFINITIONS = (
					"DEBUG=1",
					"$(inherited)",
				);
				GCC_WARN_64_TO_32_BIT_CONVERSION = YES;
				GCC_WARN_ABOUT_RETURN_TYPE = YES_ERROR;
				GCC_WARN_UNDECLARED_SELECTOR = YES;
				GCC_WARN_UNINITIALIZED_AUTOS = YES_AGGRESSIVE;
				GCC_WARN_UNUSED_FUNCTION = YES;
				GCC_WARN_UNUSED_VARIABLE = YES;
				IPHONEOS_DEPLOYMENT_TARGET = 10.0;
				MTL_ENABLE_DEBUG_INFO = YES;
				ONLY_ACTIVE_ARCH = YES;
				SDKROOT = iphoneos;
				TARGETED_DEVICE_FAMILY = "1,2";
			};
			name = Debug;
		};
		041364391DD403C800E215C5 /* Release */ = {
			isa = XCBuildConfiguration;
			buildSettings = {
				ALWAYS_SEARCH_USER_PATHS = NO;
				CLANG_ANALYZER_NONNULL = YES;
				CLANG_CXX_LANGUAGE_STANDARD = "gnu++0x";
				CLANG_CXX_LIBRARY = "libc++";
				CLANG_ENABLE_MODULES = YES;
				CLANG_ENABLE_OBJC_ARC = YES;
				CLANG_WARN_BOOL_CONVERSION = YES;
				CLANG_WARN_CONSTANT_CONVERSION = YES;
				CLANG_WARN_DIRECT_OBJC_ISA_USAGE = YES_ERROR;
				CLANG_WARN_DOCUMENTATION_COMMENTS = YES;
				CLANG_WARN_EMPTY_BODY = YES;
				CLANG_WARN_ENUM_CONVERSION = YES;
				CLANG_WARN_INFINITE_RECURSION = YES;
				CLANG_WARN_INT_CONVERSION = YES;
				CLANG_WARN_OBJC_ROOT_CLASS = YES_ERROR;
				CLANG_WARN_SUSPICIOUS_MOVES = YES;
				CLANG_WARN_UNREACHABLE_CODE = YES;
				CLANG_WARN__DUPLICATE_METHOD_MATCH = YES;
				"CODE_SIGN_IDENTITY[sdk=iphoneos*]" = "iPhone Developer";
				COPY_PHASE_STRIP = NO;
				DEBUG_INFORMATION_FORMAT = "dwarf-with-dsym";
				ENABLE_NS_ASSERTIONS = NO;
				ENABLE_STRICT_OBJC_MSGSEND = YES;
				GCC_C_LANGUAGE_STANDARD = gnu99;
				GCC_NO_COMMON_BLOCKS = YES;
				GCC_WARN_64_TO_32_BIT_CONVERSION = YES;
				GCC_WARN_ABOUT_RETURN_TYPE = YES_ERROR;
				GCC_WARN_UNDECLARED_SELECTOR = YES;
				GCC_WARN_UNINITIALIZED_AUTOS = YES_AGGRESSIVE;
				GCC_WARN_UNUSED_FUNCTION = YES;
				GCC_WARN_UNUSED_VARIABLE = YES;
				IPHONEOS_DEPLOYMENT_TARGET = 10.0;
				MTL_ENABLE_DEBUG_INFO = NO;
				SDKROOT = iphoneos;
				TARGETED_DEVICE_FAMILY = "1,2";
				VALIDATE_PRODUCT = YES;
			};
			name = Release;
		};
		0413643B1DD403C800E215C5 /* Debug */ = {
			isa = XCBuildConfiguration;
			buildSettings = {
				ASSETCATALOG_COMPILER_APPICON_NAME = AppIcon;
				DEVELOPMENT_TEAM = 277KSTGEL7;
				INFOPLIST_FILE = "缓存机制/Info.plist";
				LD_RUNPATH_SEARCH_PATHS = "$(inherited) @executable_path/Frameworks";
				PRODUCT_BUNDLE_IDENTIFIER = Alicks.121;
				PRODUCT_NAME = "$(TARGET_NAME)";
			};
			name = Debug;
		};
		0413643C1DD403C800E215C5 /* Release */ = {
			isa = XCBuildConfiguration;
			buildSettings = {
				ASSETCATALOG_COMPILER_APPICON_NAME = AppIcon;
				DEVELOPMENT_TEAM = 277KSTGEL7;
				INFOPLIST_FILE = "缓存机制/Info.plist";
				LD_RUNPATH_SEARCH_PATHS = "$(inherited) @executable_path/Frameworks";
				PRODUCT_BUNDLE_IDENTIFIER = Alicks.121;
				PRODUCT_NAME = "$(TARGET_NAME)";
			};
			name = Release;
		};
/* End XCBuildConfiguration section */

/* Begin XCConfigurationList section */
		0413641E1DD403C800E215C5 /* Build configuration list for PBXProject "缓存机制" */ = {
			isa = XCConfigurationList;
			buildConfigurations = (
				041364381DD403C800E215C5 /* Debug */,
				041364391DD403C800E215C5 /* Release */,
			);
			defaultConfigurationIsVisible = 0;
			defaultConfigurationName = Release;
		};
		0413643A1DD403C800E215C5 /* Build configuration list for PBXNativeTarget "缓存机制" */ = {
			isa = XCConfigurationList;
			buildConfigurations = (
				0413643B1DD403C800E215C5 /* Debug */,
				0413643C1DD403C800E215C5 /* Release */,
			);
			defaultConfigurationIsVisible = 0;
		};
/* End XCConfigurationList section */
	};
	rootObject = 0413641B1DD403C800E215C5 /* Project object */;
}
